
Microsoft Visual Studio Solution File, Format Version 12.00
Project("{FAE04EC0-301F-11D3-BF4B-00C04F79EFBC}") = "DistriBindApi", "DistriBindApi\DistriBindApi.csproj", "{E9253458-276A-41FC-8EA7-497992B50FAF}"
EndProject
Global
	GlobalSection(SolutionConfigurationPlatforms) = preSolution
		Debug|Any CPU = Debug|Any CPU
		Release|Any CPU = Release|Any CPU
	EndGlobalSection
	GlobalSection(ProjectConfigurationPlatforms) = postSolution
		{E9253458-276A-41FC-8EA7-497992B50FAF}.Debug|Any CPU.ActiveCfg = Debug|Any CPU
		{E9253458-276A-41FC-8EA7-497992B50FAF}.Debug|Any CPU.Build.0 = Debug|Any CPU
		{E9253458-276A-41FC-8EA7-497992B50FAF}.Release|Any CPU.ActiveCfg = Release|Any CPU
		{E9253458-276A-41FC-8EA7-497992B50FAF}.Release|Any CPU.Build.0 = Release|Any CPU
	EndGlobalSection
EndGlobal
